
Microsoft Visual Studio Solution File, Format Version 12.00
# Visual Studio Version 17
VisualStudioVersion = 17.6.33723.286
MinimumVisualStudioVersion = 10.0.40219.1
Project("{FAE04EC0-301F-11D3-BF4B-00C04F79EFBC}") = "dbasantesS3Repaso.Android", "dbasantesS3Repaso.Android\dbasantesS3Repaso.Android.csproj", "{048A9BDE-F04E-4A19-B258-437E45D6338A}"
EndProject
Project("{FAE04EC0-301F-11D3-BF4B-00C04F79EFBC}") = "dbasantesS3Repaso.iOS", "dbasantesS3Repaso.iOS\dbasantesS3Repaso.iOS.csproj", "{EEFFB543-8EF6-43B4-BD7F-BF50A309DCBE}"
EndProject
Project("{FAE04EC0-301F-11D3-BF4B-00C04F79EFBC}") = "dbasantesS3Repaso", "dbasantesS3Repaso\dbasantesS3Repaso.csproj", "{D1A2D855-DB4B-4277-BB5F-0784C277F897}"
EndProject
Global
	GlobalSection(SolutionConfigurationPlatforms) = preSolution
		Debug|Any CPU = Debug|Any CPU
		Debug|iPhone = Debug|iPhone
		Debug|iPhoneSimulator = Debug|iPhoneSimulator
		Release|Any CPU = Release|Any CPU
		Release|iPhone = Release|iPhone
		Release|iPhoneSimulator = Release|iPhoneSimulator
	EndGlobalSection
	GlobalSection(ProjectConfigurationPlatforms) = postSolution
		{048A9BDE-F04E-4A19-B258-437E45D6338A}.Debug|Any CPU.ActiveCfg = Debug|Any CPU
		{048A9BDE-F04E-4A19-B258-437E45D6338A}.Debug|Any CPU.Build.0 = Debug|Any CPU
		{048A9BDE-F04E-4A19-B258-437E45D6338A}.Debug|Any CPU.Deploy.0 = Debug|Any CPU
		{048A9BDE-F04E-4A19-B258-437E45D6338A}.Debug|iPhone.ActiveCfg = Debug|Any CPU
		{048A9BDE-F04E-4A19-B258-437E45D6338A}.Debug|iPhone.Build.0 = Debug|Any CPU
		{048A9BDE-F04E-4A19-B258-437E45D6338A}.Debug|iPhone.Deploy.0 = Debug|Any CPU
		{048A9BDE-F04E-4A19-B258-437E45D6338A}.Debug|iPhoneSimulator.ActiveCfg = Debug|Any CPU
		{048A9BDE-F04E-4A19-B258-437E45D6338A}.Debug|iPhoneSimulator.Build.0 = Debug|Any CPU
		{048A9BDE-F04E-4A19-B258-437E45D6338A}.Debug|iPhoneSimulator.Deploy.0 = Debug|Any CPU
		{048A9BDE-F04E-4A19-B258-437E45D6338A}.Release|Any CPU.ActiveCfg = Release|Any CPU
		{048A9BDE-F04E-4A19-B258-437E45D6338A}.Release|Any CPU.Build.0 = Release|Any CPU
		{048A9BDE-F04E-4A19-B258-437E45D6338A}.Release|Any CPU.Deploy.0 = Release|Any CPU
		{048A9BDE-F04E-4A19-B258-437E45D6338A}.Release|iPhone.ActiveCfg = Release|Any CPU
		{048A9BDE-F04E-4A19-B258-437E45D6338A}.Release|iPhone.Build.0 = Release|Any CPU
		{048A9BDE-F04E-4A19-B258-437E45D6338A}.Release|iPhone.Deploy.0 = Release|Any CPU
		{048A9BDE-F04E-4A19-B258-437E45D6338A}.Release|iPhoneSimulator.ActiveCfg = Release|Any CPU
		{048A9BDE-F04E-4A19-B258-437E45D6338A}.Release|iPhoneSimulator.Build.0 = Release|Any CPU
		{048A9BDE-F04E-4A19-B258-437E45D6338A}.Release|iPhoneSimulator.Deploy.0 = Release|Any CPU
		{EEFFB543-8EF6-43B4-BD7F-BF50A309DCBE}.Debug|Any CPU.ActiveCfg = Debug|iPhone
		{EEFFB543-8EF6-43B4-BD7F-BF50A309DCBE}.Debug|Any CPU.Build.0 = Debug|iPhone
		{EEFFB543-8EF6-43B4-BD7F-BF50A309DCBE}.Debug|Any CPU.Deploy.0 = Debug|iPhone
		{EEFFB543-8EF6-43B4-BD7F-BF50A309DCBE}.Debug|iPhone.ActiveCfg = Debug|iPhone
		{EEFFB543-8EF6-43B4-BD7F-BF50A309DCBE}.Debug|iPhone.Build.0 = Debug|iPhone
		{EEFFB543-8EF6-43B4-BD7F-BF50A309DCBE}.Debug|iPhone.Deploy.0 = Debug|iPhone
		{EEFFB543-8EF6-43B4-BD7F-BF50A309DCBE}.Debug|iPhoneSimulator.ActiveCfg = Debug|iPhoneSimulator
		{EEFFB543-8EF6-43B4-BD7F-BF50A309DCBE}.Debug|iPhoneSimulator.Build.0 = Debug|iPhoneSimulator
		{EEFFB543-8EF6-43B4-BD7F-BF50A309DCBE}.Debug|iPhoneSimulator.Deploy.0 = Debug|iPhoneSimulator
		{EEFFB543-8EF6-43B4-BD7F-BF50A309DCBE}.Release|Any CPU.ActiveCfg = Release|iPhoneSimulator
		{EEFFB543-8EF6-43B4-BD7F-BF50A309DCBE}.Release|Any CPU.Build.0 = Release|iPhoneSimulator
		{EEFFB543-8EF6-43B4-BD7F-BF50A309DCBE}.Release|Any CPU.Deploy.0 = Release|iPhoneSimulator
		{EEFFB543-8EF6-43B4-BD7F-BF50A309DCBE}.Release|iPhone.ActiveCfg = Release|iPhone
		{EEFFB543-8EF6-43B4-BD7F-BF50A309DCBE}.Release|iPhone.Build.0 = Release|iPhone
		{EEFFB543-8EF6-43B4-BD7F-BF50A309DCBE}.Release|iPhone.Deploy.0 = Release|iPhone
		{EEFFB543-8EF6-43B4-BD7F-BF50A309DCBE}.Release|iPhoneSimulator.ActiveCfg = Release|iPhoneSimulator
		{EEFFB543-8EF6-43B4-BD7F-BF50A309DCBE}.Release|iPhoneSimulator.Build.0 = Release|iPhoneSimulator
		{EEFFB543-8EF6-43B4-BD7F-BF50A309DCBE}.Release|iPhoneSimulator.Deploy.0 = Release|iPhoneSimulator
		{D1A2D855-DB4B-4277-BB5F-0784C277F897}.Debug|Any CPU.ActiveCfg = Debug|Any CPU
		{D1A2D855-DB4B-4277-BB5F-0784C277F897}.Debug|Any CPU.Build.0 = Debug|Any CPU
		{D1A2D855-DB4B-4277-BB5F-0784C277F897}.Debug|Any CPU.Deploy.0 = Debug|Any CPU
		{D1A2D855-DB4B-4277-BB5F-0784C277F897}.Debug|iPhone.ActiveCfg = Debug|Any CPU
		{D1A2D855-DB4B-4277-BB5F-0784C277F897}.Debug|iPhone.Build.0 = Debug|Any CPU
		{D1A2D855-DB4B-4277-BB5F-0784C277F897}.Debug|iPhone.Deploy.0 = Debug|Any CPU
		{D1A2D855-DB4B-4277-BB5F-0784C277F897}.Debug|iPhoneSimulator.ActiveCfg = Debug|Any CPU
		{D1A2D855-DB4B-4277-BB5F-0784C277F897}.Debug|iPhoneSimulator.Build.0 = Debug|Any CPU
		{D1A2D855-DB4B-4277-BB5F-0784C277F897}.Debug|iPhoneSimulator.Deploy.0 = Debug|Any CPU
		{D1A2D855-DB4B-4277-BB5F-0784C277F897}.Release|Any CPU.ActiveCfg = Release|Any CPU
		{D1A2D855-DB4B-4277-BB5F-0784C277F897}.Release|Any CPU.Build.0 = Release|Any CPU
		{D1A2D855-DB4B-4277-BB5F-0784C277F897}.Release|Any CPU.Deploy.0 = Release|Any CPU
		{D1A2D855-DB4B-4277-BB5F-0784C277F897}.Release|iPhone.ActiveCfg = Release|Any CPU
		{D1A2D855-DB4B-4277-BB5F-0784C277F897}.Release|iPhone.Build.0 = Release|Any CPU
		{D1A2D855-DB4B-4277-BB5F-0784C277F897}.Release|iPhone.Deploy.0 = Release|Any CPU
		{D1A2D855-DB4B-4277-BB5F-0784C277F897}.Release|iPhoneSimulator.ActiveCfg = Release|Any CPU
		{D1A2D855-DB4B-4277-BB5F-0784C277F897}.Release|iPhoneSimulator.Build.0 = Release|Any CPU
		{D1A2D855-DB4B-4277-BB5F-0784C277F897}.Release|iPhoneSimulator.Deploy.0 = Release|Any CPU
	EndGlobalSection
	GlobalSection(SolutionProperties) = preSolution
		HideSolutionNode = FALSE
	EndGlobalSection
	GlobalSection(ExtensibilityGlobals) = postSolution
		SolutionGuid = {D4DBBDEF-4DBA-457B-84F9-61712771BB94}
	EndGlobalSection
EndGlobal
